
Microsoft Visual Studio Solution File, Format Version 12.00
# Visual Studio 2012
Project("{FAE04EC0-301F-11D3-BF4B-00C04F79EFBC}") = "Tharga.Reporter.Engine", "Tharga.Reporter.Engine\Tharga.Reporter.Engine.csproj", "{151E2FA1-4774-4F99-AB81-D571930024C5}"
EndProject
Project("{FAE04EC0-301F-11D3-BF4B-00C04F79EFBC}") = "Tharga.Reporter.Tests", "Tharga.Reporter.Test\Tharga.Reporter.Tests.csproj", "{93EEF54E-3D63-4F74-A729-BB812986A82E}"
EndProject
Project("{2150E333-8FDC-42A3-9474-1A3956D46DE8}") = "Solution Items", "Solution Items", "{93E173B0-0C60-4D98-B1DC-C397BC644CF6}"
	ProjectSection(SolutionItems) = preProject
		Local.testsettings = Local.testsettings
		Tharga.Reporter.vsmdi = Tharga.Reporter.vsmdi
		TraceAndTestImpact.testsettings = TraceAndTestImpact.testsettings
	EndProjectSection
EndProject
Project("{FAE04EC0-301F-11D3-BF4B-00C04F79EFBC}") = "Tharga.Reporter.Console", "Tharga.Reporter.Console\Tharga.Reporter.Console.csproj", "{211A0915-64AF-4482-B669-DDE864AFE9E3}"
EndProject
Project("{2150E333-8FDC-42A3-9474-1A3956D46DE8}") = ".nuget", ".nuget", "{3D410DA1-E8E9-4430-978C-905387F880A8}"
	ProjectSection(SolutionItems) = preProject
		.nuget\NuGet.Config = .nuget\NuGet.Config
		.nuget\NuGet.exe = .nuget\NuGet.exe
		.nuget\NuGet.targets = .nuget\NuGet.targets
	EndProjectSection
EndProject
Global
	GlobalSection(TestCaseManagementSettings) = postSolution
		CategoryFile = Tharga.Reporter.vsmdi
	EndGlobalSection
	GlobalSection(SolutionConfigurationPlatforms) = preSolution
		Debug|Any CPU = Debug|Any CPU
		Debug|Mixed Platforms = Debug|Mixed Platforms
		Debug|x86 = Debug|x86
		Release|Any CPU = Release|Any CPU
		Release|Mixed Platforms = Release|Mixed Platforms
		Release|x86 = Release|x86
	EndGlobalSection
	GlobalSection(ProjectConfigurationPlatforms) = postSolution
		{151E2FA1-4774-4F99-AB81-D571930024C5}.Debug|Any CPU.ActiveCfg = Debug|Any CPU
		{151E2FA1-4774-4F99-AB81-D571930024C5}.Debug|Any CPU.Build.0 = Debug|Any CPU
		{151E2FA1-4774-4F99-AB81-D571930024C5}.Debug|Mixed Platforms.ActiveCfg = Debug|Any CPU
		{151E2FA1-4774-4F99-AB81-D571930024C5}.Debug|Mixed Platforms.Build.0 = Debug|Any CPU
		{151E2FA1-4774-4F99-AB81-D571930024C5}.Debug|x86.ActiveCfg = Debug|Any CPU
		{151E2FA1-4774-4F99-AB81-D571930024C5}.Release|Any CPU.ActiveCfg = Release|Any CPU
		{151E2FA1-4774-4F99-AB81-D571930024C5}.Release|Any CPU.Build.0 = Release|Any CPU
		{151E2FA1-4774-4F99-AB81-D571930024C5}.Release|Mixed Platforms.ActiveCfg = Release|Any CPU
		{151E2FA1-4774-4F99-AB81-D571930024C5}.Release|Mixed Platforms.Build.0 = Release|Any CPU
		{151E2FA1-4774-4F99-AB81-D571930024C5}.Release|x86.ActiveCfg = Release|Any CPU
		{93EEF54E-3D63-4F74-A729-BB812986A82E}.Debug|Any CPU.ActiveCfg = Debug|Any CPU
		{93EEF54E-3D63-4F74-A729-BB812986A82E}.Debug|Any CPU.Build.0 = Debug|Any CPU
		{93EEF54E-3D63-4F74-A729-BB812986A82E}.Debug|Mixed Platforms.ActiveCfg = Debug|Any CPU
		{93EEF54E-3D63-4F74-A729-BB812986A82E}.Debug|Mixed Platforms.Build.0 = Debug|Any CPU
		{93EEF54E-3D63-4F74-A729-BB812986A82E}.Debug|x86.ActiveCfg = Debug|Any CPU
		{93EEF54E-3D63-4F74-A729-BB812986A82E}.Release|Any CPU.ActiveCfg = Release|Any CPU
		{93EEF54E-3D63-4F74-A729-BB812986A82E}.Release|Any CPU.Build.0 = Release|Any CPU
		{93EEF54E-3D63-4F74-A729-BB812986A82E}.Release|Mixed Platforms.ActiveCfg = Release|Any CPU
		{93EEF54E-3D63-4F74-A729-BB812986A82E}.Release|Mixed Platforms.Build.0 = Release|Any CPU
		{93EEF54E-3D63-4F74-A729-BB812986A82E}.Release|x86.ActiveCfg = Release|Any CPU
		{211A0915-64AF-4482-B669-DDE864AFE9E3}.Debug|Any CPU.ActiveCfg = Debug|x86
		{211A0915-64AF-4482-B669-DDE864AFE9E3}.Debug|Mixed Platforms.ActiveCfg = Debug|x86
		{211A0915-64AF-4482-B669-DDE864AFE9E3}.Debug|Mixed Platforms.Build.0 = Debug|x86
		{211A0915-64AF-4482-B669-DDE864AFE9E3}.Debug|x86.ActiveCfg = Debug|x86
		{211A0915-64AF-4482-B669-DDE864AFE9E3}.Debug|x86.Build.0 = Debug|x86
		{211A0915-64AF-4482-B669-DDE864AFE9E3}.Release|Any CPU.ActiveCfg = Release|x86
		{211A0915-64AF-4482-B669-DDE864AFE9E3}.Release|Mixed Platforms.ActiveCfg = Release|x86
		{211A0915-64AF-4482-B669-DDE864AFE9E3}.Release|Mixed Platforms.Build.0 = Release|x86
		{211A0915-64AF-4482-B669-DDE864AFE9E3}.Release|x86.ActiveCfg = Release|x86
		{211A0915-64AF-4482-B669-DDE864AFE9E3}.Release|x86.Build.0 = Release|x86
	EndGlobalSection
	GlobalSection(SolutionProperties) = preSolution
		HideSolutionNode = FALSE
	EndGlobalSection
EndGlobal
