
Microsoft Visual Studio Solution File, Format Version 12.00
# Visual Studio Version 18
VisualStudioVersion = 18.0.11205.157 d18.0
MinimumVisualStudioVersion = 10.0.40219.1
Project("{9A19103F-16F7-4668-BE54-9A1E7A4F7556}") = "Tharga.Reporter", "Tharga.Reporter\Tharga.Reporter.csproj", "{EE1EC4A2-E323-46EB-AD62-F83125DADE12}"
EndProject
Project("{9A19103F-16F7-4668-BE54-9A1E7A4F7556}") = "Tharga.Reporter.Tests", "Tharga.Reporter.Tests\Tharga.Reporter.Tests.csproj", "{4B5FFE90-C509-4D08-B4BC-7699126286F7}"
EndProject
Project("{2150E333-8FDC-42A3-9474-1A3956D46DE8}") = "Solution Items", "Solution Items", "{60CB4075-28D3-4155-8F5D-F843BEE4A933}"
	ProjectSection(SolutionItems) = preProject
		azure-pipelines.yml = azure-pipelines.yml
		README.md = README.md
	EndProjectSection
EndProject
Project("{9A19103F-16F7-4668-BE54-9A1E7A4F7556}") = "Tharga.Reporter.Console", "Tharga.Reporter.Console\Tharga.Reporter.Console.csproj", "{C3E2897E-D21B-48D4-95A3-A193B01684E5}"
EndProject
Global
	GlobalSection(SolutionConfigurationPlatforms) = preSolution
		Debug|Any CPU = Debug|Any CPU
		Release|Any CPU = Release|Any CPU
	EndGlobalSection
	GlobalSection(ProjectConfigurationPlatforms) = postSolution
		{EE1EC4A2-E323-46EB-AD62-F83125DADE12}.Debug|Any CPU.ActiveCfg = Debug|Any CPU
		{EE1EC4A2-E323-46EB-AD62-F83125DADE12}.Debug|Any CPU.Build.0 = Debug|Any CPU
		{EE1EC4A2-E323-46EB-AD62-F83125DADE12}.Release|Any CPU.ActiveCfg = Release|Any CPU
		{EE1EC4A2-E323-46EB-AD62-F83125DADE12}.Release|Any CPU.Build.0 = Release|Any CPU
		{4B5FFE90-C509-4D08-B4BC-7699126286F7}.Debug|Any CPU.ActiveCfg = Debug|Any CPU
		{4B5FFE90-C509-4D08-B4BC-7699126286F7}.Debug|Any CPU.Build.0 = Debug|Any CPU
		{4B5FFE90-C509-4D08-B4BC-7699126286F7}.Release|Any CPU.ActiveCfg = Release|Any CPU
		{4B5FFE90-C509-4D08-B4BC-7699126286F7}.Release|Any CPU.Build.0 = Release|Any CPU
		{C3E2897E-D21B-48D4-95A3-A193B01684E5}.Debug|Any CPU.ActiveCfg = Debug|Any CPU
		{C3E2897E-D21B-48D4-95A3-A193B01684E5}.Debug|Any CPU.Build.0 = Debug|Any CPU
		{C3E2897E-D21B-48D4-95A3-A193B01684E5}.Release|Any CPU.ActiveCfg = Release|Any CPU
		{C3E2897E-D21B-48D4-95A3-A193B01684E5}.Release|Any CPU.Build.0 = Release|Any CPU
	EndGlobalSection
	GlobalSection(SolutionProperties) = preSolution
		HideSolutionNode = FALSE
	EndGlobalSection
	GlobalSection(ExtensibilityGlobals) = postSolution
		SolutionGuid = {40C6AC28-EAA2-4377-A742-D06578C7394E}
	EndGlobalSection
EndGlobal
